
Microsoft Visual Studio Solution File, Format Version 12.00
# Visual Studio Version 17
VisualStudioVersion = 17.11.35303.130
MinimumVisualStudioVersion = 10.0.40219.1
Project("{2150E333-8FDC-42A3-9474-1A3956D46DE8}") = "Task0", "Task0", "{B94AF0E9-3EB6-4F94-97BB-88A6CCDB9D19}"
EndProject
Project("{9A19103F-16F7-4668-BE54-9A1E7A4F7556}") = "Tyuiu.KulkoDA.Sprint1.Task0.V6", "Tyuiu.KulkoDA.Sprint1.Task0.V6\Tyuiu.KulkoDA.Sprint1.Task0.V6.csproj", "{B3E9A65F-5978-4389-8D40-A5ADE8A5666E}"
EndProject
Project("{9A19103F-16F7-4668-BE54-9A1E7A4F7556}") = "Tyuiu.KulkoDA.Sprint1.Task0.V6.Lib", "Tyuiu.KulkoDA.Sprint1.Task0.V6.Lib\Tyuiu.KulkoDA.Sprint1.Task0.V6.Lib.csproj", "{A5AC3547-ACD6-4462-8971-B67A45A43FC4}"
EndProject
Project("{9A19103F-16F7-4668-BE54-9A1E7A4F7556}") = "Tyuiu.KulkoDA.Sprint1.Task0.V6.Test", "Tyuiu.KulkoDA.Sprint1.Task0.V6.Test\Tyuiu.KulkoDA.Sprint1.Task0.V6.Test.csproj", "{666D1E4D-DA18-43D8-87EC-9C75263E56F2}"
EndProject
Project("{2150E333-8FDC-42A3-9474-1A3956D46DE8}") = "Task1", "Task1", "{21F3AF5C-DD0B-4FC3-B185-85E05A741C56}"
EndProject
Project("{9A19103F-16F7-4668-BE54-9A1E7A4F7556}") = "Tyuiu.KulkoDA.Sprint1.Task1.V28", "Tyuiu.KulkoDA.Sprint1.Task1.V28\Tyuiu.KulkoDA.Sprint1.Task1.V28.csproj", "{5FE536AB-FA83-48DE-BA36-3535BFE28BBC}"
EndProject
Project("{9A19103F-16F7-4668-BE54-9A1E7A4F7556}") = "Tyuiu.KulkoDA.Sprint1.Task1.V28.Lib", "Tyuiu.KulkoDA.Sprint1.Task1.V28.Lib\Tyuiu.KulkoDA.Sprint1.Task1.V28.Lib.csproj", "{4FAB6730-77B6-4632-99D1-37288464A858}"
EndProject
Project("{9A19103F-16F7-4668-BE54-9A1E7A4F7556}") = "Tyuiu.KulkoDA.Sprint1.Task1.V28.Test", "Tyuiu.KulkoDA.Sprint1.Task1.V28.Test\Tyuiu.KulkoDA.Sprint1.Task1.V28.Test.csproj", "{9BE14164-BE8E-4564-A9C5-45A817C8801F}"
EndProject
Project("{2150E333-8FDC-42A3-9474-1A3956D46DE8}") = "Task2", "Task2", "{80F931F6-A662-478A-9784-24F2656E87B7}"
EndProject
Project("{9A19103F-16F7-4668-BE54-9A1E7A4F7556}") = "Tyuiu.KulkoDA.Sprint1.Task2.V30", "Tyuiu.KulkoDA.Sprint1.Task2.V30\Tyuiu.KulkoDA.Sprint1.Task2.V30.csproj", "{294BDC4F-AE6E-46DA-9AD5-78481610399A}"
EndProject
Project("{9A19103F-16F7-4668-BE54-9A1E7A4F7556}") = "Tyuiu.KulkoDA.Sprint1.Task2.V30.Lib", "Tyuiu.KulkoDA.Sprint1.Task2.V30.Lib\Tyuiu.KulkoDA.Sprint1.Task2.V30.Lib.csproj", "{8E56AC6A-60B2-4D30-88A9-E90F173B7AD1}"
EndProject
Project("{9A19103F-16F7-4668-BE54-9A1E7A4F7556}") = "Tyuiu.KulkoDA.Sprint1.Task2.V30.Test", "Tyuiu.KulkoDA.Sprint1.Task2.V30.Test\Tyuiu.KulkoDA.Sprint1.Task2.V30.Test.csproj", "{7BEF6601-FD96-43DC-AAD0-B3FEBC12D4A8}"
EndProject
Project("{2150E333-8FDC-42A3-9474-1A3956D46DE8}") = "Task3", "Task3", "{060A2A31-9D27-4600-AADE-B85C8464F7B8}"
EndProject
Project("{9A19103F-16F7-4668-BE54-9A1E7A4F7556}") = "Tyuiu.KulkoDA.Sprint1.Task3.V6", "Tyuiu.KulkoDA.Sprint1.Task3.V6\Tyuiu.KulkoDA.Sprint1.Task3.V6.csproj", "{F7370F86-0A54-4328-8E9E-AB3D09511016}"
EndProject
Project("{9A19103F-16F7-4668-BE54-9A1E7A4F7556}") = "Tyuiu.KulkoDA.Sprint1.Task3.V6.Lib", "Tyuiu.KulkoDA.Sprint1.Task3.V6.Lib\Tyuiu.KulkoDA.Sprint1.Task3.V6.Lib.csproj", "{00898DD8-C94F-4E03-9562-1047A51ABC34}"
EndProject
Project("{9A19103F-16F7-4668-BE54-9A1E7A4F7556}") = "Tyuiu.KulkoDA.Sprint1.Task3.V6.Test", "Tyuiu.KulkoDA.Sprint1.Task3.V6.Test\Tyuiu.KulkoDA.Sprint1.Task3.V6.Test.csproj", "{5DAD32CC-3F83-4FDE-929B-4BDCCFECD9D2}"
EndProject
Project("{2150E333-8FDC-42A3-9474-1A3956D46DE8}") = "Task4", "Task4", "{49F543D2-E0CC-46B2-B0E2-93F5B48D8EFF}"
EndProject
Project("{9A19103F-16F7-4668-BE54-9A1E7A4F7556}") = "Tyuiu.KulkoDA.Sprint1.Task4.V5", "Tyuiu.KulkoDA.Sprint1.Task4.V5\Tyuiu.KulkoDA.Sprint1.Task4.V5.csproj", "{BB33B090-D78B-4DAF-B2CE-1C3664F42988}"
EndProject
Project("{9A19103F-16F7-4668-BE54-9A1E7A4F7556}") = "Tyuiu.KulkoDA.Sprint1.Task4.V5.Test", "Tyuiu.KulkoDA.Sprint1.Task4.V5.Test\Tyuiu.KulkoDA.Sprint1.Task4.V5.Test.csproj", "{8A057BE8-9B60-453D-A13B-B087A7ADB68D}"
EndProject
Project("{FAE04EC0-301F-11D3-BF4B-00C04F79EFBC}") = "Tyuiu.KulkoDA.Sprint1.Task4.V5.Lib", "Tyuiu.KulkoDA.Sprint1.Task4.V5.Lib\Tyuiu.KulkoDA.Sprint1.Task4.V5.Lib.csproj", "{84700010-8DDC-46B9-B929-EFF78EE70E43}"
EndProject
Global
	GlobalSection(SolutionConfigurationPlatforms) = preSolution
		Debug|Any CPU = Debug|Any CPU
		Release|Any CPU = Release|Any CPU
	EndGlobalSection
	GlobalSection(ProjectConfigurationPlatforms) = postSolution
		{B3E9A65F-5978-4389-8D40-A5ADE8A5666E}.Debug|Any CPU.ActiveCfg = Debug|Any CPU
		{B3E9A65F-5978-4389-8D40-A5ADE8A5666E}.Debug|Any CPU.Build.0 = Debug|Any CPU
		{B3E9A65F-5978-4389-8D40-A5ADE8A5666E}.Release|Any CPU.ActiveCfg = Release|Any CPU
		{B3E9A65F-5978-4389-8D40-A5ADE8A5666E}.Release|Any CPU.Build.0 = Release|Any CPU
		{A5AC3547-ACD6-4462-8971-B67A45A43FC4}.Debug|Any CPU.ActiveCfg = Debug|Any CPU
		{A5AC3547-ACD6-4462-8971-B67A45A43FC4}.Debug|Any CPU.Build.0 = Debug|Any CPU
		{A5AC3547-ACD6-4462-8971-B67A45A43FC4}.Release|Any CPU.ActiveCfg = Release|Any CPU
		{A5AC3547-ACD6-4462-8971-B67A45A43FC4}.Release|Any CPU.Build.0 = Release|Any CPU
		{666D1E4D-DA18-43D8-87EC-9C75263E56F2}.Debug|Any CPU.ActiveCfg = Debug|Any CPU
		{666D1E4D-DA18-43D8-87EC-9C75263E56F2}.Debug|Any CPU.Build.0 = Debug|Any CPU
		{666D1E4D-DA18-43D8-87EC-9C75263E56F2}.Release|Any CPU.ActiveCfg = Release|Any CPU
		{666D1E4D-DA18-43D8-87EC-9C75263E56F2}.Release|Any CPU.Build.0 = Release|Any CPU
		{5FE536AB-FA83-48DE-BA36-3535BFE28BBC}.Debug|Any CPU.ActiveCfg = Debug|Any CPU
		{5FE536AB-FA83-48DE-BA36-3535BFE28BBC}.Debug|Any CPU.Build.0 = Debug|Any CPU
		{5FE536AB-FA83-48DE-BA36-3535BFE28BBC}.Release|Any CPU.ActiveCfg = Release|Any CPU
		{5FE536AB-FA83-48DE-BA36-3535BFE28BBC}.Release|Any CPU.Build.0 = Release|Any CPU
		{4FAB6730-77B6-4632-99D1-37288464A858}.Debug|Any CPU.ActiveCfg = Debug|Any CPU
		{4FAB6730-77B6-4632-99D1-37288464A858}.Debug|Any CPU.Build.0 = Debug|Any CPU
		{4FAB6730-77B6-4632-99D1-37288464A858}.Release|Any CPU.ActiveCfg = Release|Any CPU
		{4FAB6730-77B6-4632-99D1-37288464A858}.Release|Any CPU.Build.0 = Release|Any CPU
		{9BE14164-BE8E-4564-A9C5-45A817C8801F}.Debug|Any CPU.ActiveCfg = Debug|Any CPU
		{9BE14164-BE8E-4564-A9C5-45A817C8801F}.Debug|Any CPU.Build.0 = Debug|Any CPU
		{9BE14164-BE8E-4564-A9C5-45A817C8801F}.Release|Any CPU.ActiveCfg = Release|Any CPU
		{9BE14164-BE8E-4564-A9C5-45A817C8801F}.Release|Any CPU.Build.0 = Release|Any CPU
		{294BDC4F-AE6E-46DA-9AD5-78481610399A}.Debug|Any CPU.ActiveCfg = Debug|Any CPU
		{294BDC4F-AE6E-46DA-9AD5-78481610399A}.Debug|Any CPU.Build.0 = Debug|Any CPU
		{294BDC4F-AE6E-46DA-9AD5-78481610399A}.Release|Any CPU.ActiveCfg = Release|Any CPU
		{294BDC4F-AE6E-46DA-9AD5-78481610399A}.Release|Any CPU.Build.0 = Release|Any CPU
		{8E56AC6A-60B2-4D30-88A9-E90F173B7AD1}.Debug|Any CPU.ActiveCfg = Debug|Any CPU
		{8E56AC6A-60B2-4D30-88A9-E90F173B7AD1}.Debug|Any CPU.Build.0 = Debug|Any CPU
		{8E56AC6A-60B2-4D30-88A9-E90F173B7AD1}.Release|Any CPU.ActiveCfg = Release|Any CPU
		{8E56AC6A-60B2-4D30-88A9-E90F173B7AD1}.Release|Any CPU.Build.0 = Release|Any CPU
		{7BEF6601-FD96-43DC-AAD0-B3FEBC12D4A8}.Debug|Any CPU.ActiveCfg = Debug|Any CPU
		{7BEF6601-FD96-43DC-AAD0-B3FEBC12D4A8}.Debug|Any CPU.Build.0 = Debug|Any CPU
		{7BEF6601-FD96-43DC-AAD0-B3FEBC12D4A8}.Release|Any CPU.ActiveCfg = Release|Any CPU
		{7BEF6601-FD96-43DC-AAD0-B3FEBC12D4A8}.Release|Any CPU.Build.0 = Release|Any CPU
		{F7370F86-0A54-4328-8E9E-AB3D09511016}.Debug|Any CPU.ActiveCfg = Debug|Any CPU
		{F7370F86-0A54-4328-8E9E-AB3D09511016}.Debug|Any CPU.Build.0 = Debug|Any CPU
		{F7370F86-0A54-4328-8E9E-AB3D09511016}.Release|Any CPU.ActiveCfg = Release|Any CPU
		{F7370F86-0A54-4328-8E9E-AB3D09511016}.Release|Any CPU.Build.0 = Release|Any CPU
		{00898DD8-C94F-4E03-9562-1047A51ABC34}.Debug|Any CPU.ActiveCfg = Debug|Any CPU
		{00898DD8-C94F-4E03-9562-1047A51ABC34}.Debug|Any CPU.Build.0 = Debug|Any CPU
		{00898DD8-C94F-4E03-9562-1047A51ABC34}.Release|Any CPU.ActiveCfg = Release|Any CPU
		{00898DD8-C94F-4E03-9562-1047A51ABC34}.Release|Any CPU.Build.0 = Release|Any CPU
		{5DAD32CC-3F83-4FDE-929B-4BDCCFECD9D2}.Debug|Any CPU.ActiveCfg = Debug|Any CPU
		{5DAD32CC-3F83-4FDE-929B-4BDCCFECD9D2}.Debug|Any CPU.Build.0 = Debug|Any CPU
		{5DAD32CC-3F83-4FDE-929B-4BDCCFECD9D2}.Release|Any CPU.ActiveCfg = Release|Any CPU
		{5DAD32CC-3F83-4FDE-929B-4BDCCFECD9D2}.Release|Any CPU.Build.0 = Release|Any CPU
		{BB33B090-D78B-4DAF-B2CE-1C3664F42988}.Debug|Any CPU.ActiveCfg = Debug|Any CPU
		{BB33B090-D78B-4DAF-B2CE-1C3664F42988}.Debug|Any CPU.Build.0 = Debug|Any CPU
		{BB33B090-D78B-4DAF-B2CE-1C3664F42988}.Release|Any CPU.ActiveCfg = Release|Any CPU
		{BB33B090-D78B-4DAF-B2CE-1C3664F42988}.Release|Any CPU.Build.0 = Release|Any CPU
		{8A057BE8-9B60-453D-A13B-B087A7ADB68D}.Debug|Any CPU.ActiveCfg = Debug|Any CPU
		{8A057BE8-9B60-453D-A13B-B087A7ADB68D}.Debug|Any CPU.Build.0 = Debug|Any CPU
		{8A057BE8-9B60-453D-A13B-B087A7ADB68D}.Release|Any CPU.ActiveCfg = Release|Any CPU
		{8A057BE8-9B60-453D-A13B-B087A7ADB68D}.Release|Any CPU.Build.0 = Release|Any CPU
		{84700010-8DDC-46B9-B929-EFF78EE70E43}.Debug|Any CPU.ActiveCfg = Debug|Any CPU
		{84700010-8DDC-46B9-B929-EFF78EE70E43}.Debug|Any CPU.Build.0 = Debug|Any CPU
		{84700010-8DDC-46B9-B929-EFF78EE70E43}.Release|Any CPU.ActiveCfg = Release|Any CPU
		{84700010-8DDC-46B9-B929-EFF78EE70E43}.Release|Any CPU.Build.0 = Release|Any CPU
	EndGlobalSection
	GlobalSection(SolutionProperties) = preSolution
		HideSolutionNode = FALSE
	EndGlobalSection
	GlobalSection(NestedProjects) = preSolution
		{B3E9A65F-5978-4389-8D40-A5ADE8A5666E} = {B94AF0E9-3EB6-4F94-97BB-88A6CCDB9D19}
		{A5AC3547-ACD6-4462-8971-B67A45A43FC4} = {B94AF0E9-3EB6-4F94-97BB-88A6CCDB9D19}
		{666D1E4D-DA18-43D8-87EC-9C75263E56F2} = {B94AF0E9-3EB6-4F94-97BB-88A6CCDB9D19}
		{5FE536AB-FA83-48DE-BA36-3535BFE28BBC} = {21F3AF5C-DD0B-4FC3-B185-85E05A741C56}
		{4FAB6730-77B6-4632-99D1-37288464A858} = {21F3AF5C-DD0B-4FC3-B185-85E05A741C56}
		{9BE14164-BE8E-4564-A9C5-45A817C8801F} = {21F3AF5C-DD0B-4FC3-B185-85E05A741C56}
		{294BDC4F-AE6E-46DA-9AD5-78481610399A} = {80F931F6-A662-478A-9784-24F2656E87B7}
		{8E56AC6A-60B2-4D30-88A9-E90F173B7AD1} = {80F931F6-A662-478A-9784-24F2656E87B7}
		{7BEF6601-FD96-43DC-AAD0-B3FEBC12D4A8} = {80F931F6-A662-478A-9784-24F2656E87B7}
		{F7370F86-0A54-4328-8E9E-AB3D09511016} = {060A2A31-9D27-4600-AADE-B85C8464F7B8}
		{00898DD8-C94F-4E03-9562-1047A51ABC34} = {060A2A31-9D27-4600-AADE-B85C8464F7B8}
		{5DAD32CC-3F83-4FDE-929B-4BDCCFECD9D2} = {060A2A31-9D27-4600-AADE-B85C8464F7B8}
		{BB33B090-D78B-4DAF-B2CE-1C3664F42988} = {49F543D2-E0CC-46B2-B0E2-93F5B48D8EFF}
		{8A057BE8-9B60-453D-A13B-B087A7ADB68D} = {49F543D2-E0CC-46B2-B0E2-93F5B48D8EFF}
		{84700010-8DDC-46B9-B929-EFF78EE70E43} = {49F543D2-E0CC-46B2-B0E2-93F5B48D8EFF}
	EndGlobalSection
	GlobalSection(ExtensibilityGlobals) = postSolution
		SolutionGuid = {0796033A-EEC7-4A6A-9E5D-F09986961EF8}
	EndGlobalSection
EndGlobal
